// !$*UTF8*$!
{
	archiveVersion = 1;
	classes = {
	};
	objectVersion = 54;
	objects = {

/* Begin PBXBuildFile section */
		A80925182D3A873B0057872E /* AppDelegate.swift in Sources */ = {isa = PBXBuildFile; fileRef = A80925172D3A873B0057872E /* AppDelegate.swift */; };
		A809251A2D3A873B0057872E /* SceneDelegate.swift in Sources */ = {isa = PBXBuildFile; fileRef = A80925192D3A873B0057872E /* SceneDelegate.swift */; };
		A80925212D3A873C0057872E /* Assets.xcassets in Resources */ = {isa = PBXBuildFile; fileRef = A80925202D3A873C0057872E /* Assets.xcassets */; };
		A809252D2D3A87960057872E /* PlaylistViewController.swift in Sources */ = {isa = PBXBuildFile; fileRef = A809252C2D3A87960057872E /* PlaylistViewController.swift */; };
		A809252F2D3A87C10057872E /* MoneyLongViewController.swift in Sources */ = {isa = PBXBuildFile; fileRef = A809252E2D3A87C10057872E /* MoneyLongViewController.swift */; };
		A80925312D3AA68A0057872E /* Money Long.mp3 in Resources */ = {isa = PBXBuildFile; fileRef = A80925302D3AA68A0057872E /* Money Long.mp3 */; };
		A89D32F82D3B85C000632DA4 /* SongModel.swift in Sources */ = {isa = PBXBuildFile; fileRef = A89D32F72D3B85BB00632DA4 /* SongModel.swift */; };
		A89D32FA2D3B866D00632DA4 /* Dezhavy.mp3 in Resources */ = {isa = PBXBuildFile; fileRef = A89D32F92D3B866D00632DA4 /* Dezhavy.mp3 */; };
/* End PBXBuildFile section */

/* Begin PBXFileReference section */
		A80925142D3A873B0057872E /* BeatFl0w.app */ = {isa = PBXFileReference; explicitFileType = wrapper.application; includeInIndex = 0; path = BeatFl0w.app; sourceTree = BUILT_PRODUCTS_DIR; };
		A80925172D3A873B0057872E /* AppDelegate.swift */ = {isa = PBXFileReference; lastKnownFileType = sourcecode.swift; path = AppDelegate.swift; sourceTree = "<group>"; };
		A80925192D3A873B0057872E /* SceneDelegate.swift */ = {isa = PBXFileReference; lastKnownFileType = sourcecode.swift; path = SceneDelegate.swift; sourceTree = "<group>"; };
		A80925202D3A873C0057872E /* Assets.xcassets */ = {isa = PBXFileReference; lastKnownFileType = folder.assetcatalog; path = Assets.xcassets; sourceTree = "<group>"; };
		A80925252D3A873C0057872E /* Info.plist */ = {isa = PBXFileReference; lastKnownFileType = text.plist.xml; path = Info.plist; sourceTree = "<group>"; };
		A809252C2D3A87960057872E /* PlaylistViewController.swift */ = {isa = PBXFileReference; lastKnownFileType = sourcecode.swift; path = PlaylistViewController.swift; sourceTree = "<group>"; };
		A809252E2D3A87C10057872E /* MoneyLongViewController.swift */ = {isa = PBXFileReference; lastKnownFileType = sourcecode.swift; path = MoneyLongViewController.swift; sourceTree = "<group>"; };
		A80925302D3AA68A0057872E /* Money Long.mp3 */ = {isa = PBXFileReference; lastKnownFileType = audio.mp3; name = "Money Long.mp3"; path = "../../Downloads/Money Long.mp3"; sourceTree = "<group>"; };
		A89D32F72D3B85BB00632DA4 /* SongModel.swift */ = {isa = PBXFileReference; lastKnownFileType = sourcecode.swift; path = SongModel.swift; sourceTree = "<group>"; };
		A89D32F92D3B866D00632DA4 /* Dezhavy.mp3 */ = {isa = PBXFileReference; lastKnownFileType = audio.mp3; path = Dezhavy.mp3; sourceTree = "<group>"; };
/* End PBXFileReference section */

/* Begin PBXFrameworksBuildPhase section */
		A80925112D3A873B0057872E /* Frameworks */ = {
			isa = PBXFrameworksBuildPhase;
			buildActionMask = 2147483647;
			files = (
			);
			runOnlyForDeploymentPostprocessing = 0;
		};
/* End PBXFrameworksBuildPhase section */

/* Begin PBXGroup section */
		A809250B2D3A873B0057872E = {
			isa = PBXGroup;
			children = (
				A80925162D3A873B0057872E /* BeatFl0w */,
				A80925152D3A873B0057872E /* Products */,
				A80925302D3AA68A0057872E /* Money Long.mp3 */,
				A89D32F92D3B866D00632DA4 /* Dezhavy.mp3 */,
			);
			sourceTree = "<group>";
		};
		A80925152D3A873B0057872E /* Products */ = {
			isa = PBXGroup;
			children = (
				A80925142D3A873B0057872E /* BeatFl0w.app */,
			);
			name = Products;
			sourceTree = "<group>";
		};
		A80925162D3A873B0057872E /* BeatFl0w */ = {
			isa = PBXGroup;
			children = (
				A89D32F62D3B85AD00632DA4 /* Model */,
				A809252B2D3A87710057872E /* View */,
				A80925172D3A873B0057872E /* AppDelegate.swift */,
				A80925192D3A873B0057872E /* SceneDelegate.swift */,
				A80925202D3A873C0057872E /* Assets.xcassets */,
				A80925252D3A873C0057872E /* Info.plist */,
			);
			path = BeatFl0w;
			sourceTree = "<group>";
		};
		A809252B2D3A87710057872E /* View */ = {
			isa = PBXGroup;
			children = (
				A809252C2D3A87960057872E /* PlaylistViewController.swift */,
				A809252E2D3A87C10057872E /* MoneyLongViewController.swift */,
			);
			path = View;
			sourceTree = "<group>";
		};
		A89D32F62D3B85AD00632DA4 /* Model */ = {
			isa = PBXGroup;
			children = (
				A89D32F72D3B85BB00632DA4 /* SongModel.swift */,
			);
			path = Model;
			sourceTree = "<group>";
		};
/* End PBXGroup section */

/* Begin PBXNativeTarget section */
		A80925132D3A873B0057872E /* BeatFl0w */ = {
			isa = PBXNativeTarget;
			buildConfigurationList = A80925282D3A873C0057872E /* Build configuration list for PBXNativeTarget "BeatFl0w" */;
			buildPhases = (
				A80925102D3A873B0057872E /* Sources */,
				A80925112D3A873B0057872E /* Frameworks */,
				A80925122D3A873B0057872E /* Resources */,
			);
			buildRules = (
			);
			dependencies = (
			);
			name = BeatFl0w;
			productName = BeatFl0w;
			productReference = A80925142D3A873B0057872E /* BeatFl0w.app */;
			productType = "com.apple.product-type.application";
		};
/* End PBXNativeTarget section */

/* Begin PBXProject section */
		A809250C2D3A873B0057872E /* Project object */ = {
			isa = PBXProject;
			attributes = {
				BuildIndependentTargetsInParallel = YES;
				LastSwiftUpdateCheck = 1130;
				LastUpgradeCheck = 1620;
				ORGANIZATIONNAME = Alexandr;
				TargetAttributes = {
					A80925132D3A873B0057872E = {
						CreatedOnToolsVersion = 11.3.1;
					};
				};
			};
			buildConfigurationList = A809250F2D3A873B0057872E /* Build configuration list for PBXProject "BeatFl0w" */;
			compatibilityVersion = "Xcode 9.3";
			developmentRegion = en;
			hasScannedForEncodings = 0;
			knownRegions = (
				en,
				Base,
			);
			mainGroup = A809250B2D3A873B0057872E;
			productRefGroup = A80925152D3A873B0057872E /* Products */;
			projectDirPath = "";
			projectRoot = "";
			targets = (
				A80925132D3A873B0057872E /* BeatFl0w */,
			);
		};
/* End PBXProject section */

/* Begin PBXResourcesBuildPhase section */
		A80925122D3A873B0057872E /* Resources */ = {
			isa = PBXResourcesBuildPhase;
			buildActionMask = 2147483647;
			files = (
				A80925312D3AA68A0057872E /* Money Long.mp3 in Resources */,
				A80925212D3A873C0057872E /* Assets.xcassets in Resources */,
				A89D32FA2D3B866D00632DA4 /* Dezhavy.mp3 in Resources */,
			);
			runOnlyForDeploymentPostprocessing = 0;
		};
/* End PBXResourcesBuildPhase section */

/* Begin PBXSourcesBuildPhase section */
		A80925102D3A873B0057872E /* Sources */ = {
			isa = PBXSourcesBuildPhase;
			buildActionMask = 2147483647;
			files = (
				A80925182D3A873B0057872E /* AppDelegate.swift in Sources */,
				A89D32F82D3B85C000632DA4 /* SongModel.swift in Sources */,
				A809252F2D3A87C10057872E /* MoneyLongViewController.swift in Sources */,
				A809251A2D3A873B0057872E /* SceneDelegate.swift in Sources */,
				A809252D2D3A87960057872E /* PlaylistViewController.swift in Sources */,
			);
			runOnlyForDeploymentPostprocessing = 0;
		};
/* End PBXSourcesBuildPhase section */

/* Begin XCBuildConfiguration section */
		A80925262D3A873C0057872E /* Debug */ = {
			isa = XCBuildConfiguration;
			buildSettings = {
				ALWAYS_SEARCH_USER_PATHS = NO;
				CLANG_ANALYZER_NONNULL = YES;
				CLANG_ANALYZER_NUMBER_OBJECT_CONVERSION = YES_AGGRESSIVE;
				CLANG_CXX_LANGUAGE_STANDARD = "gnu++14";
				CLANG_CXX_LIBRARY = "libc++";
				CLANG_ENABLE_MODULES = YES;
				CLANG_ENABLE_OBJC_ARC = YES;
				CLANG_ENABLE_OBJC_WEAK = YES;
				CLANG_WARN_BLOCK_CAPTURE_AUTORELEASING = YES;
				CLANG_WARN_BOOL_CONVERSION = YES;
				CLANG_WARN_COMMA = YES;
				CLANG_WARN_CONSTANT_CONVERSION = YES;
				CLANG_WARN_DEPRECATED_OBJC_IMPLEMENTATIONS = YES;
				CLANG_WARN_DIRECT_OBJC_ISA_USAGE = YES_ERROR;
				CLANG_WARN_DOCUMENTATION_COMMENTS = YES;
				CLANG_WARN_EMPTY_BODY = YES;
				CLANG_WARN_ENUM_CONVERSION = YES;
				CLANG_WARN_INFINITE_RECURSION = YES;
				CLANG_WARN_INT_CONVERSION = YES;
				CLANG_WARN_NON_LITERAL_NULL_CONVERSION = YES;
				CLANG_WARN_OBJC_IMPLICIT_RETAIN_SELF = YES;
				CLANG_WARN_OBJC_LITERAL_CONVERSION = YES;
				CLANG_WARN_OBJC_ROOT_CLASS = YES_ERROR;
				CLANG_WARN_QUOTED_INCLUDE_IN_FRAMEWORK_HEADER = YES;
				CLANG_WARN_RANGE_LOOP_ANALYSIS = YES;
				CLANG_WARN_STRICT_PROTOTYPES = YES;
				CLANG_WARN_SUSPICIOUS_MOVE = YES;
				CLANG_WARN_UNGUARDED_AVAILABILITY = YES_AGGRESSIVE;
				CLANG_WARN_UNREACHABLE_CODE = YES;
				CLANG_WARN__DUPLICATE_METHOD_MATCH = YES;
				COPY_PHASE_STRIP = NO;
				DEBUG_INFORMATION_FORMAT = dwarf;
				ENABLE_STRICT_OBJC_MSGSEND = YES;
				ENABLE_TESTABILITY = YES;
				ENABLE_USER_SCRIPT_SANDBOXING = YES;
				GCC_C_LANGUAGE_STANDARD = gnu11;
				GCC_DYNAMIC_NO_PIC = NO;
				GCC_NO_COMMON_BLOCKS = YES;
				GCC_OPTIMIZATION_LEVEL = 0;
				GCC_PREPROCESSOR_DEFINITIONS = (
					"DEBUG=1",
					"$(inherited)",
				);
				GCC_WARN_64_TO_32_BIT_CONVERSION = YES;
				GCC_WARN_ABOUT_RETURN_TYPE = YES_ERROR;
				GCC_WARN_UNDECLARED_SELECTOR = YES;
				GCC_WARN_UNINITIALIZED_AUTOS = YES_AGGRESSIVE;
				GCC_WARN_UNUSED_FUNCTION = YES;
				GCC_WARN_UNUSED_VARIABLE = YES;
				IPHONEOS_DEPLOYMENT_TARGET = 13.2;
				MTL_ENABLE_DEBUG_INFO = INCLUDE_SOURCE;
				MTL_FAST_MATH = YES;
				ONLY_ACTIVE_ARCH = YES;
				SDKROOT = iphoneos;
				SWIFT_ACTIVE_COMPILATION_CONDITIONS = DEBUG;
				SWIFT_OPTIMIZATION_LEVEL = "-Onone";
			};
			name = Debug;
		};
		A80925272D3A873C0057872E /* Release */ = {
			isa = XCBuildConfiguration;
			buildSettings = {
				ALWAYS_SEARCH_USER_PATHS = NO;
				CLANG_ANALYZER_NONNULL = YES;
				CLANG_ANALYZER_NUMBER_OBJECT_CONVERSION = YES_AGGRESSIVE;
				CLANG_CXX_LANGUAGE_STANDARD = "gnu++14";
				CLANG_CXX_LIBRARY = "libc++";
				CLANG_ENABLE_MODULES = YES;
				CLANG_ENABLE_OBJC_ARC = YES;
				CLANG_ENABLE_OBJC_WEAK = YES;
				CLANG_WARN_BLOCK_CAPTURE_AUTORELEASING = YES;
				CLANG_WARN_BOOL_CONVERSION = YES;
				CLANG_WARN_COMMA = YES;
				CLANG_WARN_CONSTANT_CONVERSION = YES;
				CLANG_WARN_DEPRECATED_OBJC_IMPLEMENTATIONS = YES;
				CLANG_WARN_DIRECT_OBJC_ISA_USAGE = YES_ERROR;
				CLANG_WARN_DOCUMENTATION_COMMENTS = YES;
				CLANG_WARN_EMPTY_BODY = YES;
				CLANG_WARN_ENUM_CONVERSION = YES;
				CLANG_WARN_INFINITE_RECURSION = YES;
				CLANG_WARN_INT_CONVERSION = YES;
				CLANG_WARN_NON_LITERAL_NULL_CONVERSION = YES;
				CLANG_WARN_OBJC_IMPLICIT_RETAIN_SELF = YES;
				CLANG_WARN_OBJC_LITERAL_CONVERSION = YES;
				CLANG_WARN_OBJC_ROOT_CLASS = YES_ERROR;
				CLANG_WARN_QUOTED_INCLUDE_IN_FRAMEWORK_HEADER = YES;
				CLANG_WARN_RANGE_LOOP_ANALYSIS = YES;
				CLANG_WARN_STRICT_PROTOTYPES = YES;
				CLANG_WARN_SUSPICIOUS_MOVE = YES;
				CLANG_WARN_UNGUARDED_AVAILABILITY = YES_AGGRESSIVE;
				CLANG_WARN_UNREACHABLE_CODE = YES;
				CLANG_WARN__DUPLICATE_METHOD_MATCH = YES;
				COPY_PHASE_STRIP = NO;
				DEBUG_INFORMATION_FORMAT = "dwarf-with-dsym";
				ENABLE_NS_ASSERTIONS = NO;
				ENABLE_STRICT_OBJC_MSGSEND = YES;
				ENABLE_USER_SCRIPT_SANDBOXING = YES;
				GCC_C_LANGUAGE_STANDARD = gnu11;
				GCC_NO_COMMON_BLOCKS = YES;
				GCC_WARN_64_TO_32_BIT_CONVERSION = YES;
				GCC_WARN_ABOUT_RETURN_TYPE = YES_ERROR;
				GCC_WARN_UNDECLARED_SELECTOR = YES;
				GCC_WARN_UNINITIALIZED_AUTOS = YES_AGGRESSIVE;
				GCC_WARN_UNUSED_FUNCTION = YES;
				GCC_WARN_UNUSED_VARIABLE = YES;
				IPHONEOS_DEPLOYMENT_TARGET = 13.2;
				MTL_ENABLE_DEBUG_INFO = NO;
				MTL_FAST_MATH = YES;
				SDKROOT = iphoneos;
				SWIFT_COMPILATION_MODE = wholemodule;
				SWIFT_OPTIMIZATION_LEVEL = "-O";
				VALIDATE_PRODUCT = YES;
			};
			name = Release;
		};
		A80925292D3A873C0057872E /* Debug */ = {
			isa = XCBuildConfiguration;
			buildSettings = {
				ASSETCATALOG_COMPILER_APPICON_NAME = AppIcon;
				CODE_SIGN_STYLE = Automatic;
				DEVELOPMENT_TEAM = AAY659W2TT;
				INFOPLIST_FILE = BeatFl0w/Info.plist;
				LD_RUNPATH_SEARCH_PATHS = (
					"$(inherited)",
					"@executable_path/Frameworks",
				);
				PRODUCT_BUNDLE_IDENTIFIER = com.BeatFl0w;
				PRODUCT_NAME = "$(TARGET_NAME)";
				SWIFT_VERSION = 5.0;
				TARGETED_DEVICE_FAMILY = "1,2";
			};
			name = Debug;
		};
		A809252A2D3A873C0057872E /* Release */ = {
			isa = XCBuildConfiguration;
			buildSettings = {
				ASSETCATALOG_COMPILER_APPICON_NAME = AppIcon;
				CODE_SIGN_STYLE = Automatic;
				DEVELOPMENT_TEAM = AAY659W2TT;
				INFOPLIST_FILE = BeatFl0w/Info.plist;
				LD_RUNPATH_SEARCH_PATHS = (
					"$(inherited)",
					"@executable_path/Frameworks",
				);
				PRODUCT_BUNDLE_IDENTIFIER = com.BeatFl0w;
				PRODUCT_NAME = "$(TARGET_NAME)";
				SWIFT_VERSION = 5.0;
				TARGETED_DEVICE_FAMILY = "1,2";
			};
			name = Release;
		};
/* End XCBuildConfiguration section */

/* Begin XCConfigurationList section */
		A809250F2D3A873B0057872E /* Build configuration list for PBXProject "BeatFl0w" */ = {
			isa = XCConfigurationList;
			buildConfigurations = (
				A80925262D3A873C0057872E /* Debug */,
				A80925272D3A873C0057872E /* Release */,
			);
			defaultConfigurationIsVisible = 0;
			defaultConfigurationName = Release;
		};
		A80925282D3A873C0057872E /* Build configuration list for PBXNativeTarget "BeatFl0w" */ = {
			isa = XCConfigurationList;
			buildConfigurations = (
				A80925292D3A873C0057872E /* Debug */,
				A809252A2D3A873C0057872E /* Release */,
			);
			defaultConfigurationIsVisible = 0;
			defaultConfigurationName = Release;
		};
/* End XCConfigurationList section */
	};
	rootObject = A809250C2D3A873B0057872E /* Project object */;
}
